
Microsoft Visual Studio Solution File, Format Version 12.00
# Visual Studio Version 16
VisualStudioVersion = 16.0.34031.81
MinimumVisualStudioVersion = 10.0.40219.1
Project("{2150E333-8FDC-42A3-9474-1A3956D46DE8}") = "Task0", "Task0", "{A8970252-182D-41CA-9E2C-5DA953AE077D}"
EndProject
Project("{FAE04EC0-301F-11D3-BF4B-00C04F79EFBC}") = "Tyuiu.ShakirovRR.Sprint2.Task0.V28", "Tyuiu.ShakirovRR.Sprint2.Task0.V28\Tyuiu.ShakirovRR.Sprint2.Task0.V28.csproj", "{77CD7165-79DD-492D-852B-9C7222A5F2FB}"
EndProject
Project("{FAE04EC0-301F-11D3-BF4B-00C04F79EFBC}") = "Tyuiu.ShakirovRR.Sprint2.Task0.V28.Lib", "Tyuiu.ShakirovRR.Sprint2.Task0.V28.Lib\Tyuiu.ShakirovRR.Sprint2.Task0.V28.Lib.csproj", "{D067EB8D-B0DF-4A64-B31D-CF5005B64DA4}"
EndProject
Project("{FAE04EC0-301F-11D3-BF4B-00C04F79EFBC}") = "Tyuiu.ShakirovRR.Sprint2.Task0.V28.Test", "Tyuiu.ShakirovRR.Sprint2.Task0.V28.Test\Tyuiu.ShakirovRR.Sprint2.Task0.V28.Test.csproj", "{865E1627-7170-4EBE-9DC3-ED05DA86A385}"
EndProject
Project("{2150E333-8FDC-42A3-9474-1A3956D46DE8}") = "Task1", "Task1", "{B71A7CC2-855A-415A-8541-049D258D05EB}"
EndProject
Project("{2150E333-8FDC-42A3-9474-1A3956D46DE8}") = "Task2", "Task2", "{6EE83BF7-1991-4254-8322-5368EA1FA9EB}"
EndProject
Project("{2150E333-8FDC-42A3-9474-1A3956D46DE8}") = "Task3", "Task3", "{6EC76789-CDC1-42D2-AB00-FD53C6941972}"
EndProject
Project("{2150E333-8FDC-42A3-9474-1A3956D46DE8}") = "Task4", "Task4", "{135521BF-50AA-43E3-BEDD-8625CB81D9F9}"
EndProject
Project("{2150E333-8FDC-42A3-9474-1A3956D46DE8}") = "Task5", "Task5", "{BD159656-7D45-4F00-9FE1-69351962BABA}"
EndProject
Project("{2150E333-8FDC-42A3-9474-1A3956D46DE8}") = "Task6", "Task6", "{9516A1D2-4E31-457B-B7E6-9FDB650661F1}"
EndProject
Project("{2150E333-8FDC-42A3-9474-1A3956D46DE8}") = "Task7", "Task7", "{926BC6A2-9C9F-4747-98B9-A888D8F1CE1E}"
EndProject
Project("{FAE04EC0-301F-11D3-BF4B-00C04F79EFBC}") = "Tyuiu.ShakirovRR.Sprint2.Task1.V3", "Tyuiu.ShakirovRR.Sprint2.Task1.V3\Tyuiu.ShakirovRR.Sprint2.Task1.V3.csproj", "{6185C56E-C5F1-468B-9732-00FB0D2AC010}"
EndProject
Project("{FAE04EC0-301F-11D3-BF4B-00C04F79EFBC}") = "Tyuiu.ShakirovRR.Sprint2.Task1.V3.Lib", "Tyuiu.ShakirovRR.Sprint2.Task1.V3.Lib\Tyuiu.ShakirovRR.Sprint2.Task1.V3.Lib.csproj", "{E28188E4-8C5F-46AF-A859-D945165D2EF4}"
EndProject
Project("{FAE04EC0-301F-11D3-BF4B-00C04F79EFBC}") = "Tyuiu.ShakirovRR.Sprint2.Task1.V3.Test", "Tyuiu.ShakirovRR.Sprint2.Task1.V3.Test\Tyuiu.ShakirovRR.Sprint2.Task1.V3.Test.csproj", "{71C8D00F-BB45-4709-8836-6359EF7E0A56}"
EndProject
Project("{FAE04EC0-301F-11D3-BF4B-00C04F79EFBC}") = "Tyuiu.ShakirovRR.Sprint2.Task2.V9", "Tyuiu.ShakirovRR.Sprint2.Task2.V9\Tyuiu.ShakirovRR.Sprint2.Task2.V9.csproj", "{E99B6F00-C72A-4A6B-B540-1FE9C0C96568}"
EndProject
Project("{FAE04EC0-301F-11D3-BF4B-00C04F79EFBC}") = "Tyuiu.ShakirovRR.Sprint2.Task2.V9.Lib", "Tyuiu.ShakirovRR.Sprint2.Task2.V9.Lib\Tyuiu.ShakirovRR.Sprint2.Task2.V9.Lib.csproj", "{9FC45183-3AA5-4D72-B7CD-DCA140CEA347}"
EndProject
Project("{FAE04EC0-301F-11D3-BF4B-00C04F79EFBC}") = "Tyuiu.ShakirovRR.Sprint2.Task2.V9.Test", "Tyuiu.ShakirovRR.Sprint2.Task2.V9.Test\Tyuiu.ShakirovRR.Sprint2.Task2.V9.Test.csproj", "{0447DC06-A59E-4BDD-A90F-5F0904946910}"
EndProject
Project("{FAE04EC0-301F-11D3-BF4B-00C04F79EFBC}") = "Tyuiu.ShakirovRR.Sprint2.Task3.V6", "Tyuiu.ShakirovRR.Sprint2.Task3.V6\Tyuiu.ShakirovRR.Sprint2.Task3.V6.csproj", "{32093A9F-347E-4E26-A380-7B1A4FD55A25}"
EndProject
Project("{FAE04EC0-301F-11D3-BF4B-00C04F79EFBC}") = "Tyuiu.ShakirovRR.Sprint2.Task3.V6.Lib", "Tyuiu.ShakirovRR.Sprint2.Task3.V6.Lib\Tyuiu.ShakirovRR.Sprint2.Task3.V6.Lib.csproj", "{E569C9FB-CAE0-4FCA-B8CF-D3AEAD1E9224}"
EndProject
Project("{FAE04EC0-301F-11D3-BF4B-00C04F79EFBC}") = "Tyuiu.ShakirovRR.Sprint2.Task3.V6.Test", "Tyuiu.ShakirovRR.Sprint2.Task3.V6.Test\Tyuiu.ShakirovRR.Sprint2.Task3.V6.Test.csproj", "{2F05FD34-C934-466C-9E51-7E7385C73332}"
EndProject
Project("{FAE04EC0-301F-11D3-BF4B-00C04F79EFBC}") = "Tyuiu.ShakirovRR.Sprint2.Task4.V17", "Tyuiu.ShakirovRR.Sprint2.Task4.V17\Tyuiu.ShakirovRR.Sprint2.Task4.V17.csproj", "{CD9DDF85-68DE-4039-9530-FB89322DDA5D}"
EndProject
Project("{FAE04EC0-301F-11D3-BF4B-00C04F79EFBC}") = "Tyuiu.ShakirovRR.Sprint2.Task4.V17.Lib", "Tyuiu.ShakirovRR.Sprint2.Task4.V17.Lib\Tyuiu.ShakirovRR.Sprint2.Task4.V17.Lib.csproj", "{7908B981-AC05-4E99-97EA-9C22E5A24439}"
EndProject
Project("{FAE04EC0-301F-11D3-BF4B-00C04F79EFBC}") = "Tyuiu.ShakirovRR.Sprint2.Task4.V17.Test", "Tyuiu.ShakirovRR.Sprint2.Task4.V17.Test\Tyuiu.ShakirovRR.Sprint2.Task4.V17.Test.csproj", "{2BDFA621-928F-4370-BF05-F061032CAB0F}"
EndProject
Project("{FAE04EC0-301F-11D3-BF4B-00C04F79EFBC}") = "Tyuiu.ShakirovRR.Sprint2.Task5.V2", "Tyuiu.ShakirovRR.Sprint2.Task5.V2\Tyuiu.ShakirovRR.Sprint2.Task5.V2.csproj", "{7D5956DE-420F-4CD8-AD52-0007EC3DEC50}"
EndProject
Project("{FAE04EC0-301F-11D3-BF4B-00C04F79EFBC}") = "Tyuiu.ShakirovRR.Sprint2.Task5.V2.Lib", "Tyuiu.ShakirovRR.Sprint2.Task5.V2.Lib\Tyuiu.ShakirovRR.Sprint2.Task5.V2.Lib.csproj", "{5ABC7323-A4CB-4A92-BFA5-9E0789CE31BC}"
EndProject
Project("{FAE04EC0-301F-11D3-BF4B-00C04F79EFBC}") = "Tyuiu.ShakirovRR.Sprint2.Task5.V2.Test", "Tyuiu.ShakirovRR.Sprint2.Task5.V2.Test\Tyuiu.ShakirovRR.Sprint2.Task5.V2.Test.csproj", "{851083D6-E758-4558-89C2-1C15F2524631}"
EndProject
Project("{FAE04EC0-301F-11D3-BF4B-00C04F79EFBC}") = "Tyuiu.ShakirovRR.Sprint2.Task6.V10", "Tyuiu.ShakirovRR.Sprint2.Task6.V10\Tyuiu.ShakirovRR.Sprint2.Task6.V10.csproj", "{2AA5DB6A-81EA-4322-BEE4-9CC7335F20B9}"
EndProject
Project("{FAE04EC0-301F-11D3-BF4B-00C04F79EFBC}") = "Tyuiu.ShakirovRR.Sprint2.Task6.V10.Lib", "Tyuiu.ShakirovRR.Sprint2.Task6.V10.Lib\Tyuiu.ShakirovRR.Sprint2.Task6.V10.Lib.csproj", "{61B467F5-CCBD-4B5D-AA7E-554425CB59F1}"
EndProject
Project("{FAE04EC0-301F-11D3-BF4B-00C04F79EFBC}") = "Tyuiu.ShakirovRR.Sprint2.Task6.V10.Test", "Tyuiu.ShakirovRR.Sprint2.Task6.V10.Test\Tyuiu.ShakirovRR.Sprint2.Task6.V10.Test.csproj", "{AB311A50-3B69-4505-8778-7618BE550F69}"
EndProject
Project("{FAE04EC0-301F-11D3-BF4B-00C04F79EFBC}") = "Tyuiu.ShakirovRR.Sprint2.Task7.V8", "Tyuiu.ShakirovRR.Sprint2.Task7.V4\Tyuiu.ShakirovRR.Sprint2.Task7.V8.csproj", "{255A9853-8047-4C59-A22A-661B4B87789B}"
EndProject
Project("{FAE04EC0-301F-11D3-BF4B-00C04F79EFBC}") = "Tyuiu.ShakirovRR.Sprint2.Task7.V8.Lib", "Tyuiu.ShakirovRR.Sprint2.Task7.V4.Lib\Tyuiu.ShakirovRR.Sprint2.Task7.V8.Lib.csproj", "{D4138A31-6699-49B2-BA97-65C14CDF37FC}"
EndProject
Project("{FAE04EC0-301F-11D3-BF4B-00C04F79EFBC}") = "Tyuiu.ShakirovRR.Sprint2.Task7.V8.Test", "Tyuiu.ShakirovRR.Sprint2.Task7.V4.Test\Tyuiu.ShakirovRR.Sprint2.Task7.V8.Test.csproj", "{AB24CCC6-D6B6-455E-9539-8F3129F22AB8}"
EndProject
Global
	GlobalSection(SolutionConfigurationPlatforms) = preSolution
		Debug|Any CPU = Debug|Any CPU
		Release|Any CPU = Release|Any CPU
	EndGlobalSection
	GlobalSection(ProjectConfigurationPlatforms) = postSolution
		{77CD7165-79DD-492D-852B-9C7222A5F2FB}.Debug|Any CPU.ActiveCfg = Debug|Any CPU
		{77CD7165-79DD-492D-852B-9C7222A5F2FB}.Debug|Any CPU.Build.0 = Debug|Any CPU
		{77CD7165-79DD-492D-852B-9C7222A5F2FB}.Release|Any CPU.ActiveCfg = Release|Any CPU
		{77CD7165-79DD-492D-852B-9C7222A5F2FB}.Release|Any CPU.Build.0 = Release|Any CPU
		{D067EB8D-B0DF-4A64-B31D-CF5005B64DA4}.Debug|Any CPU.ActiveCfg = Debug|Any CPU
		{D067EB8D-B0DF-4A64-B31D-CF5005B64DA4}.Debug|Any CPU.Build.0 = Debug|Any CPU
		{D067EB8D-B0DF-4A64-B31D-CF5005B64DA4}.Release|Any CPU.ActiveCfg = Release|Any CPU
		{D067EB8D-B0DF-4A64-B31D-CF5005B64DA4}.Release|Any CPU.Build.0 = Release|Any CPU
		{865E1627-7170-4EBE-9DC3-ED05DA86A385}.Debug|Any CPU.ActiveCfg = Debug|Any CPU
		{865E1627-7170-4EBE-9DC3-ED05DA86A385}.Debug|Any CPU.Build.0 = Debug|Any CPU
		{865E1627-7170-4EBE-9DC3-ED05DA86A385}.Release|Any CPU.ActiveCfg = Release|Any CPU
		{865E1627-7170-4EBE-9DC3-ED05DA86A385}.Release|Any CPU.Build.0 = Release|Any CPU
		{6185C56E-C5F1-468B-9732-00FB0D2AC010}.Debug|Any CPU.ActiveCfg = Debug|Any CPU
		{6185C56E-C5F1-468B-9732-00FB0D2AC010}.Debug|Any CPU.Build.0 = Debug|Any CPU
		{6185C56E-C5F1-468B-9732-00FB0D2AC010}.Release|Any CPU.ActiveCfg = Release|Any CPU
		{6185C56E-C5F1-468B-9732-00FB0D2AC010}.Release|Any CPU.Build.0 = Release|Any CPU
		{E28188E4-8C5F-46AF-A859-D945165D2EF4}.Debug|Any CPU.ActiveCfg = Debug|Any CPU
		{E28188E4-8C5F-46AF-A859-D945165D2EF4}.Debug|Any CPU.Build.0 = Debug|Any CPU
		{E28188E4-8C5F-46AF-A859-D945165D2EF4}.Release|Any CPU.ActiveCfg = Release|Any CPU
		{E28188E4-8C5F-46AF-A859-D945165D2EF4}.Release|Any CPU.Build.0 = Release|Any CPU
		{71C8D00F-BB45-4709-8836-6359EF7E0A56}.Debug|Any CPU.ActiveCfg = Debug|Any CPU
		{71C8D00F-BB45-4709-8836-6359EF7E0A56}.Debug|Any CPU.Build.0 = Debug|Any CPU
		{71C8D00F-BB45-4709-8836-6359EF7E0A56}.Release|Any CPU.ActiveCfg = Release|Any CPU
		{71C8D00F-BB45-4709-8836-6359EF7E0A56}.Release|Any CPU.Build.0 = Release|Any CPU
		{E99B6F00-C72A-4A6B-B540-1FE9C0C96568}.Debug|Any CPU.ActiveCfg = Debug|Any CPU
		{E99B6F00-C72A-4A6B-B540-1FE9C0C96568}.Debug|Any CPU.Build.0 = Debug|Any CPU
		{E99B6F00-C72A-4A6B-B540-1FE9C0C96568}.Release|Any CPU.ActiveCfg = Release|Any CPU
		{E99B6F00-C72A-4A6B-B540-1FE9C0C96568}.Release|Any CPU.Build.0 = Release|Any CPU
		{9FC45183-3AA5-4D72-B7CD-DCA140CEA347}.Debug|Any CPU.ActiveCfg = Debug|Any CPU
		{9FC45183-3AA5-4D72-B7CD-DCA140CEA347}.Debug|Any CPU.Build.0 = Debug|Any CPU
		{9FC45183-3AA5-4D72-B7CD-DCA140CEA347}.Release|Any CPU.ActiveCfg = Release|Any CPU
		{9FC45183-3AA5-4D72-B7CD-DCA140CEA347}.Release|Any CPU.Build.0 = Release|Any CPU
		{0447DC06-A59E-4BDD-A90F-5F0904946910}.Debug|Any CPU.ActiveCfg = Debug|Any CPU
		{0447DC06-A59E-4BDD-A90F-5F0904946910}.Debug|Any CPU.Build.0 = Debug|Any CPU
		{0447DC06-A59E-4BDD-A90F-5F0904946910}.Release|Any CPU.ActiveCfg = Release|Any CPU
		{0447DC06-A59E-4BDD-A90F-5F0904946910}.Release|Any CPU.Build.0 = Release|Any CPU
		{32093A9F-347E-4E26-A380-7B1A4FD55A25}.Debug|Any CPU.ActiveCfg = Debug|Any CPU
		{32093A9F-347E-4E26-A380-7B1A4FD55A25}.Debug|Any CPU.Build.0 = Debug|Any CPU
		{32093A9F-347E-4E26-A380-7B1A4FD55A25}.Release|Any CPU.ActiveCfg = Release|Any CPU
		{32093A9F-347E-4E26-A380-7B1A4FD55A25}.Release|Any CPU.Build.0 = Release|Any CPU
		{E569C9FB-CAE0-4FCA-B8CF-D3AEAD1E9224}.Debug|Any CPU.ActiveCfg = Debug|Any CPU
		{E569C9FB-CAE0-4FCA-B8CF-D3AEAD1E9224}.Debug|Any CPU.Build.0 = Debug|Any CPU
		{E569C9FB-CAE0-4FCA-B8CF-D3AEAD1E9224}.Release|Any CPU.ActiveCfg = Release|Any CPU
		{E569C9FB-CAE0-4FCA-B8CF-D3AEAD1E9224}.Release|Any CPU.Build.0 = Release|Any CPU
		{2F05FD34-C934-466C-9E51-7E7385C73332}.Debug|Any CPU.ActiveCfg = Debug|Any CPU
		{2F05FD34-C934-466C-9E51-7E7385C73332}.Debug|Any CPU.Build.0 = Debug|Any CPU
		{2F05FD34-C934-466C-9E51-7E7385C73332}.Release|Any CPU.ActiveCfg = Release|Any CPU
		{2F05FD34-C934-466C-9E51-7E7385C73332}.Release|Any CPU.Build.0 = Release|Any CPU
		{CD9DDF85-68DE-4039-9530-FB89322DDA5D}.Debug|Any CPU.ActiveCfg = Debug|Any CPU
		{CD9DDF85-68DE-4039-9530-FB89322DDA5D}.Debug|Any CPU.Build.0 = Debug|Any CPU
		{CD9DDF85-68DE-4039-9530-FB89322DDA5D}.Release|Any CPU.ActiveCfg = Release|Any CPU
		{CD9DDF85-68DE-4039-9530-FB89322DDA5D}.Release|Any CPU.Build.0 = Release|Any CPU
		{7908B981-AC05-4E99-97EA-9C22E5A24439}.Debug|Any CPU.ActiveCfg = Debug|Any CPU
		{7908B981-AC05-4E99-97EA-9C22E5A24439}.Debug|Any CPU.Build.0 = Debug|Any CPU
		{7908B981-AC05-4E99-97EA-9C22E5A24439}.Release|Any CPU.ActiveCfg = Release|Any CPU
		{7908B981-AC05-4E99-97EA-9C22E5A24439}.Release|Any CPU.Build.0 = Release|Any CPU
		{2BDFA621-928F-4370-BF05-F061032CAB0F}.Debug|Any CPU.ActiveCfg = Debug|Any CPU
		{2BDFA621-928F-4370-BF05-F061032CAB0F}.Debug|Any CPU.Build.0 = Debug|Any CPU
		{2BDFA621-928F-4370-BF05-F061032CAB0F}.Release|Any CPU.ActiveCfg = Release|Any CPU
		{2BDFA621-928F-4370-BF05-F061032CAB0F}.Release|Any CPU.Build.0 = Release|Any CPU
		{7D5956DE-420F-4CD8-AD52-0007EC3DEC50}.Debug|Any CPU.ActiveCfg = Debug|Any CPU
		{7D5956DE-420F-4CD8-AD52-0007EC3DEC50}.Debug|Any CPU.Build.0 = Debug|Any CPU
		{7D5956DE-420F-4CD8-AD52-0007EC3DEC50}.Release|Any CPU.ActiveCfg = Release|Any CPU
		{7D5956DE-420F-4CD8-AD52-0007EC3DEC50}.Release|Any CPU.Build.0 = Release|Any CPU
		{5ABC7323-A4CB-4A92-BFA5-9E0789CE31BC}.Debug|Any CPU.ActiveCfg = Debug|Any CPU
		{5ABC7323-A4CB-4A92-BFA5-9E0789CE31BC}.Debug|Any CPU.Build.0 = Debug|Any CPU
		{5ABC7323-A4CB-4A92-BFA5-9E0789CE31BC}.Release|Any CPU.ActiveCfg = Release|Any CPU
		{5ABC7323-A4CB-4A92-BFA5-9E0789CE31BC}.Release|Any CPU.Build.0 = Release|Any CPU
		{851083D6-E758-4558-89C2-1C15F2524631}.Debug|Any CPU.ActiveCfg = Debug|Any CPU
		{851083D6-E758-4558-89C2-1C15F2524631}.Debug|Any CPU.Build.0 = Debug|Any CPU
		{851083D6-E758-4558-89C2-1C15F2524631}.Release|Any CPU.ActiveCfg = Release|Any CPU
		{851083D6-E758-4558-89C2-1C15F2524631}.Release|Any CPU.Build.0 = Release|Any CPU
		{2AA5DB6A-81EA-4322-BEE4-9CC7335F20B9}.Debug|Any CPU.ActiveCfg = Debug|Any CPU
		{2AA5DB6A-81EA-4322-BEE4-9CC7335F20B9}.Debug|Any CPU.Build.0 = Debug|Any CPU
		{2AA5DB6A-81EA-4322-BEE4-9CC7335F20B9}.Release|Any CPU.ActiveCfg = Release|Any CPU
		{2AA5DB6A-81EA-4322-BEE4-9CC7335F20B9}.Release|Any CPU.Build.0 = Release|Any CPU
		{61B467F5-CCBD-4B5D-AA7E-554425CB59F1}.Debug|Any CPU.ActiveCfg = Debug|Any CPU
		{61B467F5-CCBD-4B5D-AA7E-554425CB59F1}.Debug|Any CPU.Build.0 = Debug|Any CPU
		{61B467F5-CCBD-4B5D-AA7E-554425CB59F1}.Release|Any CPU.ActiveCfg = Release|Any CPU
		{61B467F5-CCBD-4B5D-AA7E-554425CB59F1}.Release|Any CPU.Build.0 = Release|Any CPU
		{AB311A50-3B69-4505-8778-7618BE550F69}.Debug|Any CPU.ActiveCfg = Debug|Any CPU
		{AB311A50-3B69-4505-8778-7618BE550F69}.Debug|Any CPU.Build.0 = Debug|Any CPU
		{AB311A50-3B69-4505-8778-7618BE550F69}.Release|Any CPU.ActiveCfg = Release|Any CPU
		{AB311A50-3B69-4505-8778-7618BE550F69}.Release|Any CPU.Build.0 = Release|Any CPU
		{255A9853-8047-4C59-A22A-661B4B87789B}.Debug|Any CPU.ActiveCfg = Debug|Any CPU
		{255A9853-8047-4C59-A22A-661B4B87789B}.Debug|Any CPU.Build.0 = Debug|Any CPU
		{255A9853-8047-4C59-A22A-661B4B87789B}.Release|Any CPU.ActiveCfg = Release|Any CPU
		{255A9853-8047-4C59-A22A-661B4B87789B}.Release|Any CPU.Build.0 = Release|Any CPU
		{D4138A31-6699-49B2-BA97-65C14CDF37FC}.Debug|Any CPU.ActiveCfg = Debug|Any CPU
		{D4138A31-6699-49B2-BA97-65C14CDF37FC}.Debug|Any CPU.Build.0 = Debug|Any CPU
		{D4138A31-6699-49B2-BA97-65C14CDF37FC}.Release|Any CPU.ActiveCfg = Release|Any CPU
		{D4138A31-6699-49B2-BA97-65C14CDF37FC}.Release|Any CPU.Build.0 = Release|Any CPU
		{AB24CCC6-D6B6-455E-9539-8F3129F22AB8}.Debug|Any CPU.ActiveCfg = Debug|Any CPU
		{AB24CCC6-D6B6-455E-9539-8F3129F22AB8}.Debug|Any CPU.Build.0 = Debug|Any CPU
		{AB24CCC6-D6B6-455E-9539-8F3129F22AB8}.Release|Any CPU.ActiveCfg = Release|Any CPU
		{AB24CCC6-D6B6-455E-9539-8F3129F22AB8}.Release|Any CPU.Build.0 = Release|Any CPU
	EndGlobalSection
	GlobalSection(SolutionProperties) = preSolution
		HideSolutionNode = FALSE
	EndGlobalSection
	GlobalSection(NestedProjects) = preSolution
		{77CD7165-79DD-492D-852B-9C7222A5F2FB} = {A8970252-182D-41CA-9E2C-5DA953AE077D}
		{D067EB8D-B0DF-4A64-B31D-CF5005B64DA4} = {A8970252-182D-41CA-9E2C-5DA953AE077D}
		{865E1627-7170-4EBE-9DC3-ED05DA86A385} = {A8970252-182D-41CA-9E2C-5DA953AE077D}
		{6185C56E-C5F1-468B-9732-00FB0D2AC010} = {B71A7CC2-855A-415A-8541-049D258D05EB}
		{E28188E4-8C5F-46AF-A859-D945165D2EF4} = {B71A7CC2-855A-415A-8541-049D258D05EB}
		{71C8D00F-BB45-4709-8836-6359EF7E0A56} = {B71A7CC2-855A-415A-8541-049D258D05EB}
		{E99B6F00-C72A-4A6B-B540-1FE9C0C96568} = {6EE83BF7-1991-4254-8322-5368EA1FA9EB}
		{9FC45183-3AA5-4D72-B7CD-DCA140CEA347} = {6EE83BF7-1991-4254-8322-5368EA1FA9EB}
		{0447DC06-A59E-4BDD-A90F-5F0904946910} = {6EE83BF7-1991-4254-8322-5368EA1FA9EB}
		{32093A9F-347E-4E26-A380-7B1A4FD55A25} = {6EC76789-CDC1-42D2-AB00-FD53C6941972}
		{E569C9FB-CAE0-4FCA-B8CF-D3AEAD1E9224} = {6EC76789-CDC1-42D2-AB00-FD53C6941972}
		{2F05FD34-C934-466C-9E51-7E7385C73332} = {6EC76789-CDC1-42D2-AB00-FD53C6941972}
		{CD9DDF85-68DE-4039-9530-FB89322DDA5D} = {135521BF-50AA-43E3-BEDD-8625CB81D9F9}
		{7908B981-AC05-4E99-97EA-9C22E5A24439} = {135521BF-50AA-43E3-BEDD-8625CB81D9F9}
		{2BDFA621-928F-4370-BF05-F061032CAB0F} = {135521BF-50AA-43E3-BEDD-8625CB81D9F9}
		{7D5956DE-420F-4CD8-AD52-0007EC3DEC50} = {BD159656-7D45-4F00-9FE1-69351962BABA}
		{5ABC7323-A4CB-4A92-BFA5-9E0789CE31BC} = {BD159656-7D45-4F00-9FE1-69351962BABA}
		{851083D6-E758-4558-89C2-1C15F2524631} = {BD159656-7D45-4F00-9FE1-69351962BABA}
		{2AA5DB6A-81EA-4322-BEE4-9CC7335F20B9} = {9516A1D2-4E31-457B-B7E6-9FDB650661F1}
		{61B467F5-CCBD-4B5D-AA7E-554425CB59F1} = {9516A1D2-4E31-457B-B7E6-9FDB650661F1}
		{AB311A50-3B69-4505-8778-7618BE550F69} = {9516A1D2-4E31-457B-B7E6-9FDB650661F1}
		{255A9853-8047-4C59-A22A-661B4B87789B} = {926BC6A2-9C9F-4747-98B9-A888D8F1CE1E}
		{D4138A31-6699-49B2-BA97-65C14CDF37FC} = {926BC6A2-9C9F-4747-98B9-A888D8F1CE1E}
		{AB24CCC6-D6B6-455E-9539-8F3129F22AB8} = {926BC6A2-9C9F-4747-98B9-A888D8F1CE1E}
	EndGlobalSection
	GlobalSection(ExtensibilityGlobals) = postSolution
		SolutionGuid = {307B41F0-8906-4171-A643-9C6AA631B19A}
	EndGlobalSection
EndGlobal
